// !$*UTF8*$!
{
	archiveVersion = 1;
	classes = {
	};
	objectVersion = 55;
	objects = {

/* Begin PBXBuildFile section */
		93DBC9D2279E8A0E003CFD9E /* AppDelegate.swift in Sources */ = {isa = PBXBuildFile; fileRef = 93DBC9D1279E8A0E003CFD9E /* AppDelegate.swift */; };
		93DBC9D4279E8A0E003CFD9E /* SceneDelegate.swift in Sources */ = {isa = PBXBuildFile; fileRef = 93DBC9D3279E8A0E003CFD9E /* SceneDelegate.swift */; };
		93DBC9D6279E8A0E003CFD9E /* ViewController.swift in Sources */ = {isa = PBXBuildFile; fileRef = 93DBC9D5279E8A0E003CFD9E /* ViewController.swift */; };
		93DBC9D9279E8A0E003CFD9E /* Main.storyboard in Resources */ = {isa = PBXBuildFile; fileRef = 93DBC9D7279E8A0E003CFD9E /* Main.storyboard */; };
		93DBC9DB279E8A0F003CFD9E /* Assets.xcassets in Resources */ = {isa = PBXBuildFile; fileRef = 93DBC9DA279E8A0F003CFD9E /* Assets.xcassets */; };
		93DBC9DE279E8A0F003CFD9E /* LaunchScreen.storyboard in Resources */ = {isa = PBXBuildFile; fileRef = 93DBC9DC279E8A0F003CFD9E /* LaunchScreen.storyboard */; };
		93DBC9E9279E8A0F003CFD9E /* You_Are_Awesome_Tests.swift in Sources */ = {isa = PBXBuildFile; fileRef = 93DBC9E8279E8A0F003CFD9E /* You_Are_Awesome_Tests.swift */; };
		93DBC9F3279E8A0F003CFD9E /* You_Are_Awesome_UITests.swift in Sources */ = {isa = PBXBuildFile; fileRef = 93DBC9F2279E8A0F003CFD9E /* You_Are_Awesome_UITests.swift */; };
		93DBC9F5279E8A0F003CFD9E /* You_Are_Awesome_UITestsLaunchTests.swift in Sources */ = {isa = PBXBuildFile; fileRef = 93DBC9F4279E8A0F003CFD9E /* You_Are_Awesome_UITestsLaunchTests.swift */; };
/* End PBXBuildFile section */

/* Begin PBXContainerItemProxy section */
		93DBC9E5279E8A0F003CFD9E /* PBXContainerItemProxy */ = {
			isa = PBXContainerItemProxy;
			containerPortal = 93DBC9C6279E8A0E003CFD9E /* Project object */;
			proxyType = 1;
			remoteGlobalIDString = 93DBC9CD279E8A0E003CFD9E;
			remoteInfo = "You Are Awesome!";
		};
		93DBC9EF279E8A0F003CFD9E /* PBXContainerItemProxy */ = {
			isa = PBXContainerItemProxy;
			containerPortal = 93DBC9C6279E8A0E003CFD9E /* Project object */;
			proxyType = 1;
			remoteGlobalIDString = 93DBC9CD279E8A0E003CFD9E;
			remoteInfo = "You Are Awesome!";
		};
/* End PBXContainerItemProxy section */

/* Begin PBXFileReference section */
		93DBC9CE279E8A0E003CFD9E /* You Are Awesome!.app */ = {isa = PBXFileReference; explicitFileType = wrapper.application; includeInIndex = 0; path = "You Are Awesome!.app"; sourceTree = BUILT_PRODUCTS_DIR; };
		93DBC9D1279E8A0E003CFD9E /* AppDelegate.swift */ = {isa = PBXFileReference; lastKnownFileType = sourcecode.swift; path = AppDelegate.swift; sourceTree = "<group>"; };
		93DBC9D3279E8A0E003CFD9E /* SceneDelegate.swift */ = {isa = PBXFileReference; lastKnownFileType = sourcecode.swift; path = SceneDelegate.swift; sourceTree = "<group>"; };
		93DBC9D5279E8A0E003CFD9E /* ViewController.swift */ = {isa = PBXFileReference; lastKnownFileType = sourcecode.swift; path = ViewController.swift; sourceTree = "<group>"; };
		93DBC9D8279E8A0E003CFD9E /* Base */ = {isa = PBXFileReference; lastKnownFileType = file.storyboard; name = Base; path = Base.lproj/Main.storyboard; sourceTree = "<group>"; };
		93DBC9DA279E8A0F003CFD9E /* Assets.xcassets */ = {isa = PBXFileReference; lastKnownFileType = folder.assetcatalog; path = Assets.xcassets; sourceTree = "<group>"; };
		93DBC9DD279E8A0F003CFD9E /* Base */ = {isa = PBXFileReference; lastKnownFileType = file.storyboard; name = Base; path = Base.lproj/LaunchScreen.storyboard; sourceTree = "<group>"; };
		93DBC9DF279E8A0F003CFD9E /* Info.plist */ = {isa = PBXFileReference; lastKnownFileType = text.plist.xml; path = Info.plist; sourceTree = "<group>"; };
		93DBC9E4279E8A0F003CFD9E /* You Are Awesome!Tests.xctest */ = {isa = PBXFileReference; explicitFileType = wrapper.cfbundle; includeInIndex = 0; path = "You Are Awesome!Tests.xctest"; sourceTree = BUILT_PRODUCTS_DIR; };
		93DBC9E8279E8A0F003CFD9E /* You_Are_Awesome_Tests.swift */ = {isa = PBXFileReference; lastKnownFileType = sourcecode.swift; path = You_Are_Awesome_Tests.swift; sourceTree = "<group>"; };
		93DBC9EE279E8A0F003CFD9E /* You Are Awesome!UITests.xctest */ = {isa = PBXFileReference; explicitFileType = wrapper.cfbundle; includeInIndex = 0; path = "You Are Awesome!UITests.xctest"; sourceTree = BUILT_PRODUCTS_DIR; };
		93DBC9F2279E8A0F003CFD9E /* You_Are_Awesome_UITests.swift */ = {isa = PBXFileReference; lastKnownFileType = sourcecode.swift; path = You_Are_Awesome_UITests.swift; sourceTree = "<group>"; };
		93DBC9F4279E8A0F003CFD9E /* You_Are_Awesome_UITestsLaunchTests.swift */ = {isa = PBXFileReference; lastKnownFileType = sourcecode.swift; path = You_Are_Awesome_UITestsLaunchTests.swift; sourceTree = "<group>"; };
/* End PBXFileReference section */

/* Begin PBXFrameworksBuildPhase section */
		93DBC9CB279E8A0E003CFD9E /* Frameworks */ = {
			isa = PBXFrameworksBuildPhase;
			buildActionMask = 2147483647;
			files = (
			);
			runOnlyForDeploymentPostprocessing = 0;
		};
		93DBC9E1279E8A0F003CFD9E /* Frameworks */ = {
			isa = PBXFrameworksBuildPhase;
			buildActionMask = 2147483647;
			files = (
			);
			runOnlyForDeploymentPostprocessing = 0;
		};
		93DBC9EB279E8A0F003CFD9E /* Frameworks */ = {
			isa = PBXFrameworksBuildPhase;
			buildActionMask = 2147483647;
			files = (
			);
			runOnlyForDeploymentPostprocessing = 0;
		};
/* End PBXFrameworksBuildPhase section */

/* Begin PBXGroup section */
		93DBC9C5279E8A0E003CFD9E = {
			isa = PBXGroup;
			children = (
				93DBC9D0279E8A0E003CFD9E /* You Are Awesome! */,
				93DBC9E7279E8A0F003CFD9E /* You Are Awesome!Tests */,
				93DBC9F1279E8A0F003CFD9E /* You Are Awesome!UITests */,
				93DBC9CF279E8A0E003CFD9E /* Products */,
			);
			sourceTree = "<group>";
		};
		93DBC9CF279E8A0E003CFD9E /* Products */ = {
			isa = PBXGroup;
			children = (
				93DBC9CE279E8A0E003CFD9E /* You Are Awesome!.app */,
				93DBC9E4279E8A0F003CFD9E /* You Are Awesome!Tests.xctest */,
				93DBC9EE279E8A0F003CFD9E /* You Are Awesome!UITests.xctest */,
			);
			name = Products;
			sourceTree = "<group>";
		};
		93DBC9D0279E8A0E003CFD9E /* You Are Awesome! */ = {
			isa = PBXGroup;
			children = (
				93DBC9D1279E8A0E003CFD9E /* AppDelegate.swift */,
				93DBC9D3279E8A0E003CFD9E /* SceneDelegate.swift */,
				93DBC9D5279E8A0E003CFD9E /* ViewController.swift */,
				93DBC9D7279E8A0E003CFD9E /* Main.storyboard */,
				93DBC9DA279E8A0F003CFD9E /* Assets.xcassets */,
				93DBC9DC279E8A0F003CFD9E /* LaunchScreen.storyboard */,
				93DBC9DF279E8A0F003CFD9E /* Info.plist */,
			);
			path = "You Are Awesome!";
			sourceTree = "<group>";
		};
		93DBC9E7279E8A0F003CFD9E /* You Are Awesome!Tests */ = {
			isa = PBXGroup;
			children = (
				93DBC9E8279E8A0F003CFD9E /* You_Are_Awesome_Tests.swift */,
			);
			path = "You Are Awesome!Tests";
			sourceTree = "<group>";
		};
		93DBC9F1279E8A0F003CFD9E /* You Are Awesome!UITests */ = {
			isa = PBXGroup;
			children = (
				93DBC9F2279E8A0F003CFD9E /* You_Are_Awesome_UITests.swift */,
				93DBC9F4279E8A0F003CFD9E /* You_Are_Awesome_UITestsLaunchTests.swift */,
			);
			path = "You Are Awesome!UITests";
			sourceTree = "<group>";
		};
/* End PBXGroup section */

/* Begin PBXNativeTarget section */
		93DBC9CD279E8A0E003CFD9E /* You Are Awesome! */ = {
			isa = PBXNativeTarget;
			buildConfigurationList = 93DBC9F8279E8A0F003CFD9E /* Build configuration list for PBXNativeTarget "You Are Awesome!" */;
			buildPhases = (
				93DBC9CA279E8A0E003CFD9E /* Sources */,
				93DBC9CB279E8A0E003CFD9E /* Frameworks */,
				93DBC9CC279E8A0E003CFD9E /* Resources */,
			);
			buildRules = (
			);
			dependencies = (
			);
			name = "You Are Awesome!";
			productName = "You Are Awesome!";
			productReference = 93DBC9CE279E8A0E003CFD9E /* You Are Awesome!.app */;
			productType = "com.apple.product-type.application";
		};
		93DBC9E3279E8A0F003CFD9E /* You Are Awesome!Tests */ = {
			isa = PBXNativeTarget;
			buildConfigurationList = 93DBC9FB279E8A0F003CFD9E /* Build configuration list for PBXNativeTarget "You Are Awesome!Tests" */;
			buildPhases = (
				93DBC9E0279E8A0F003CFD9E /* Sources */,
				93DBC9E1279E8A0F003CFD9E /* Frameworks */,
				93DBC9E2279E8A0F003CFD9E /* Resources */,
			);
			buildRules = (
			);
			dependencies = (
				93DBC9E6279E8A0F003CFD9E /* PBXTargetDependency */,
			);
			name = "You Are Awesome!Tests";
			productName = "You Are Awesome!Tests";
			productReference = 93DBC9E4279E8A0F003CFD9E /* You Are Awesome!Tests.xctest */;
			productType = "com.apple.product-type.bundle.unit-test";
		};
		93DBC9ED279E8A0F003CFD9E /* You Are Awesome!UITests */ = {
			isa = PBXNativeTarget;
			buildConfigurationList = 93DBC9FE279E8A0F003CFD9E /* Build configuration list for PBXNativeTarget "You Are Awesome!UITests" */;
			buildPhases = (
				93DBC9EA279E8A0F003CFD9E /* Sources */,
				93DBC9EB279E8A0F003CFD9E /* Frameworks */,
				93DBC9EC279E8A0F003CFD9E /* Resources */,
			);
			buildRules = (
			);
			dependencies = (
				93DBC9F0279E8A0F003CFD9E /* PBXTargetDependency */,
			);
			name = "You Are Awesome!UITests";
			productName = "You Are Awesome!UITests";
			productReference = 93DBC9EE279E8A0F003CFD9E /* You Are Awesome!UITests.xctest */;
			productType = "com.apple.product-type.bundle.ui-testing";
		};
/* End PBXNativeTarget section */

/* Begin PBXProject section */
		93DBC9C6279E8A0E003CFD9E /* Project object */ = {
			isa = PBXProject;
			attributes = {
				BuildIndependentTargetsInParallel = 1;
				LastSwiftUpdateCheck = 1320;
				LastUpgradeCheck = 1320;
				TargetAttributes = {
					93DBC9CD279E8A0E003CFD9E = {
						CreatedOnToolsVersion = 13.2.1;
					};
					93DBC9E3279E8A0F003CFD9E = {
						CreatedOnToolsVersion = 13.2.1;
						TestTargetID = 93DBC9CD279E8A0E003CFD9E;
					};
					93DBC9ED279E8A0F003CFD9E = {
						CreatedOnToolsVersion = 13.2.1;
						TestTargetID = 93DBC9CD279E8A0E003CFD9E;
					};
				};
			};
			buildConfigurationList = 93DBC9C9279E8A0E003CFD9E /* Build configuration list for PBXProject "You Are Awesome!" */;
			compatibilityVersion = "Xcode 13.0";
			developmentRegion = en;
			hasScannedForEncodings = 0;
			knownRegions = (
				en,
				Base,
			);
			mainGroup = 93DBC9C5279E8A0E003CFD9E;
			productRefGroup = 93DBC9CF279E8A0E003CFD9E /* Products */;
			projectDirPath = "";
			projectRoot = "";
			targets = (
				93DBC9CD279E8A0E003CFD9E /* You Are Awesome! */,
				93DBC9E3279E8A0F003CFD9E /* You Are Awesome!Tests */,
				93DBC9ED279E8A0F003CFD9E /* You Are Awesome!UITests */,
			);
		};
/* End PBXProject section */

/* Begin PBXResourcesBuildPhase section */
		93DBC9CC279E8A0E003CFD9E /* Resources */ = {
			isa = PBXResourcesBuildPhase;
			buildActionMask = 2147483647;
			files = (
				93DBC9DE279E8A0F003CFD9E /* LaunchScreen.storyboard in Resources */,
				93DBC9DB279E8A0F003CFD9E /* Assets.xcassets in Resources */,
				93DBC9D9279E8A0E003CFD9E /* Main.storyboard in Resources */,
			);
			runOnlyForDeploymentPostprocessing = 0;
		};
		93DBC9E2279E8A0F003CFD9E /* Resources */ = {
			isa = PBXResourcesBuildPhase;
			buildActionMask = 2147483647;
			files = (
			);
			runOnlyForDeploymentPostprocessing = 0;
		};
		93DBC9EC279E8A0F003CFD9E /* Resources */ = {
			isa = PBXResourcesBuildPhase;
			buildActionMask = 2147483647;
			files = (
			);
			runOnlyForDeploymentPostprocessing = 0;
		};
/* End PBXResourcesBuildPhase section */

/* Begin PBXSourcesBuildPhase section */
		93DBC9CA279E8A0E003CFD9E /* Sources */ = {
			isa = PBXSourcesBuildPhase;
			buildActionMask = 2147483647;
			files = (
				93DBC9D6279E8A0E003CFD9E /* ViewController.swift in Sources */,
				93DBC9D2279E8A0E003CFD9E /* AppDelegate.swift in Sources */,
				93DBC9D4279E8A0E003CFD9E /* SceneDelegate.swift in Sources */,
			);
			runOnlyForDeploymentPostprocessing = 0;
		};
		93DBC9E0279E8A0F003CFD9E /* Sources */ = {
			isa = PBXSourcesBuildPhase;
			buildActionMask = 2147483647;
			files = (
				93DBC9E9279E8A0F003CFD9E /* You_Are_Awesome_Tests.swift in Sources */,
			);
			runOnlyForDeploymentPostprocessing = 0;
		};
		93DBC9EA279E8A0F003CFD9E /* Sources */ = {
			isa = PBXSourcesBuildPhase;
			buildActionMask = 2147483647;
			files = (
				93DBC9F3279E8A0F003CFD9E /* You_Are_Awesome_UITests.swift in Sources */,
				93DBC9F5279E8A0F003CFD9E /* You_Are_Awesome_UITestsLaunchTests.swift in Sources */,
			);
			runOnlyForDeploymentPostprocessing = 0;
		};
/* End PBXSourcesBuildPhase section */

/* Begin PBXTargetDependency section */
		93DBC9E6279E8A0F003CFD9E /* PBXTargetDependency */ = {
			isa = PBXTargetDependency;
			target = 93DBC9CD279E8A0E003CFD9E /* You Are Awesome! */;
			targetProxy = 93DBC9E5279E8A0F003CFD9E /* PBXContainerItemProxy */;
		};
		93DBC9F0279E8A0F003CFD9E /* PBXTargetDependency */ = {
			isa = PBXTargetDependency;
			target = 93DBC9CD279E8A0E003CFD9E /* You Are Awesome! */;
			targetProxy = 93DBC9EF279E8A0F003CFD9E /* PBXContainerItemProxy */;
		};
/* End PBXTargetDependency section */

/* Begin PBXVariantGroup section */
		93DBC9D7279E8A0E003CFD9E /* Main.storyboard */ = {
			isa = PBXVariantGroup;
			children = (
				93DBC9D8279E8A0E003CFD9E /* Base */,
			);
			name = Main.storyboard;
			sourceTree = "<group>";
		};
		93DBC9DC279E8A0F003CFD9E /* LaunchScreen.storyboard */ = {
			isa = PBXVariantGroup;
			children = (
				93DBC9DD279E8A0F003CFD9E /* Base */,
			);
			name = LaunchScreen.storyboard;
			sourceTree = "<group>";
		};
/* End PBXVariantGroup section */

/* Begin XCBuildConfiguration section */
		93DBC9F6279E8A0F003CFD9E /* Debug */ = {
			isa = XCBuildConfiguration;
			buildSettings = {
				ALWAYS_SEARCH_USER_PATHS = NO;
				CLANG_ANALYZER_NONNULL = YES;
				CLANG_ANALYZER_NUMBER_OBJECT_CONVERSION = YES_AGGRESSIVE;
				CLANG_CXX_LANGUAGE_STANDARD = "gnu++17";
				CLANG_CXX_LIBRARY = "libc++";
				CLANG_ENABLE_MODULES = YES;
				CLANG_ENABLE_OBJC_ARC = YES;
				CLANG_ENABLE_OBJC_WEAK = YES;
				CLANG_WARN_BLOCK_CAPTURE_AUTORELEASING = YES;
				CLANG_WARN_BOOL_CONVERSION = YES;
				CLANG_WARN_COMMA = YES;
				CLANG_WARN_CONSTANT_CONVERSION = YES;
				CLANG_WARN_DEPRECATED_OBJC_IMPLEMENTATIONS = YES;
				CLANG_WARN_DIRECT_OBJC_ISA_USAGE = YES_ERROR;
				CLANG_WARN_DOCUMENTATION_COMMENTS = YES;
				CLANG_WARN_EMPTY_BODY = YES;
				CLANG_WARN_ENUM_CONVERSION = YES;
				CLANG_WARN_INFINITE_RECURSION = YES;
				CLANG_WARN_INT_CONVERSION = YES;
				CLANG_WARN_NON_LITERAL_NULL_CONVERSION = YES;
				CLANG_WARN_OBJC_IMPLICIT_RETAIN_SELF = YES;
				CLANG_WARN_OBJC_LITERAL_CONVERSION = YES;
				CLANG_WARN_OBJC_ROOT_CLASS = YES_ERROR;
				CLANG_WARN_QUOTED_INCLUDE_IN_FRAMEWORK_HEADER = YES;
				CLANG_WARN_RANGE_LOOP_ANALYSIS = YES;
				CLANG_WARN_STRICT_PROTOTYPES = YES;
				CLANG_WARN_SUSPICIOUS_MOVE = YES;
				CLANG_WARN_UNGUARDED_AVAILABILITY = YES_AGGRESSIVE;
				CLANG_WARN_UNREACHABLE_CODE = YES;
				CLANG_WARN__DUPLICATE_METHOD_MATCH = YES;
				COPY_PHASE_STRIP = NO;
				DEBUG_INFORMATION_FORMAT = dwarf;
				ENABLE_STRICT_OBJC_MSGSEND = YES;
				ENABLE_TESTABILITY = YES;
				GCC_C_LANGUAGE_STANDARD = gnu11;
				GCC_DYNAMIC_NO_PIC = NO;
				GCC_NO_COMMON_BLOCKS = YES;
				GCC_OPTIMIZATION_LEVEL = 0;
				GCC_PREPROCESSOR_DEFINITIONS = (
					"DEBUG=1",
					"$(inherited)",
				);
				GCC_WARN_64_TO_32_BIT_CONVERSION = YES;
				GCC_WARN_ABOUT_RETURN_TYPE = YES_ERROR;
				GCC_WARN_UNDECLARED_SELECTOR = YES;
				GCC_WARN_UNINITIALIZED_AUTOS = YES_AGGRESSIVE;
				GCC_WARN_UNUSED_FUNCTION = YES;
				GCC_WARN_UNUSED_VARIABLE = YES;
				IPHONEOS_DEPLOYMENT_TARGET = 15.2;
				MTL_ENABLE_DEBUG_INFO = INCLUDE_SOURCE;
				MTL_FAST_MATH = YES;
				ONLY_ACTIVE_ARCH = YES;
				SDKROOT = iphoneos;
				SWIFT_ACTIVE_COMPILATION_CONDITIONS = DEBUG;
				SWIFT_OPTIMIZATION_LEVEL = "-Onone";
			};
			name = Debug;
		};
		93DBC9F7279E8A0F003CFD9E /* Release */ = {
			isa = XCBuildConfiguration;
			buildSettings = {
				ALWAYS_SEARCH_USER_PATHS = NO;
				CLANG_ANALYZER_NONNULL = YES;
				CLANG_ANALYZER_NUMBER_OBJECT_CONVERSION = YES_AGGRESSIVE;
				CLANG_CXX_LANGUAGE_STANDARD = "gnu++17";
				CLANG_CXX_LIBRARY = "libc++";
				CLANG_ENABLE_MODULES = YES;
				CLANG_ENABLE_OBJC_ARC = YES;
				CLANG_ENABLE_OBJC_WEAK = YES;
				CLANG_WARN_BLOCK_CAPTURE_AUTORELEASING = YES;
				CLANG_WARN_BOOL_CONVERSION = YES;
				CLANG_WARN_COMMA = YES;
				CLANG_WARN_CONSTANT_CONVERSION = YES;
				CLANG_WARN_DEPRECATED_OBJC_IMPLEMENTATIONS = YES;
				CLANG_WARN_DIRECT_OBJC_ISA_USAGE = YES_ERROR;
				CLANG_WARN_DOCUMENTATION_COMMENTS = YES;
				CLANG_WARN_EMPTY_BODY = YES;
				CLANG_WARN_ENUM_CONVERSION = YES;
				CLANG_WARN_INFINITE_RECURSION = YES;
				CLANG_WARN_INT_CONVERSION = YES;
				CLANG_WARN_NON_LITERAL_NULL_CONVERSION = YES;
				CLANG_WARN_OBJC_IMPLICIT_RETAIN_SELF = YES;
				CLANG_WARN_OBJC_LITERAL_CONVERSION = YES;
				CLANG_WARN_OBJC_ROOT_CLASS = YES_ERROR;
				CLANG_WARN_QUOTED_INCLUDE_IN_FRAMEWORK_HEADER = YES;
				CLANG_WARN_RANGE_LOOP_ANALYSIS = YES;
				CLANG_WARN_STRICT_PROTOTYPES = YES;
				CLANG_WARN_SUSPICIOUS_MOVE = YES;
				CLANG_WARN_UNGUARDED_AVAILABILITY = YES_AGGRESSIVE;
				CLANG_WARN_UNREACHABLE_CODE = YES;
				CLANG_WARN__DUPLICATE_METHOD_MATCH = YES;
				COPY_PHASE_STRIP = NO;
				DEBUG_INFORMATION_FORMAT = "dwarf-with-dsym";
				ENABLE_NS_ASSERTIONS = NO;
				ENABLE_STRICT_OBJC_MSGSEND = YES;
				GCC_C_LANGUAGE_STANDARD = gnu11;
				GCC_NO_COMMON_BLOCKS = YES;
				GCC_WARN_64_TO_32_BIT_CONVERSION = YES;
				GCC_WARN_ABOUT_RETURN_TYPE = YES_ERROR;
				GCC_WARN_UNDECLARED_SELECTOR = YES;
				GCC_WARN_UNINITIALIZED_AUTOS = YES_AGGRESSIVE;
				GCC_WARN_UNUSED_FUNCTION = YES;
				GCC_WARN_UNUSED_VARIABLE = YES;
				IPHONEOS_DEPLOYMENT_TARGET = 15.2;
				MTL_ENABLE_DEBUG_INFO = NO;
				MTL_FAST_MATH = YES;
				SDKROOT = iphoneos;
				SWIFT_COMPILATION_MODE = wholemodule;
				SWIFT_OPTIMIZATION_LEVEL = "-O";
				VALIDATE_PRODUCT = YES;
			};
			name = Release;
		};
		93DBC9F9279E8A0F003CFD9E /* Debug */ = {
			isa = XCBuildConfiguration;
			buildSettings = {
				ASSETCATALOG_COMPILER_APPICON_NAME = AppIcon;
				ASSETCATALOG_COMPILER_GLOBAL_ACCENT_COLOR_NAME = AccentColor;
				CODE_SIGN_STYLE = Automatic;
				CURRENT_PROJECT_VERSION = 1;
				DEVELOPMENT_TEAM = 7Q8HJYD3T5;
				GENERATE_INFOPLIST_FILE = YES;
				INFOPLIST_FILE = "You Are Awesome!/Info.plist";
				INFOPLIST_KEY_UIApplicationSupportsIndirectInputEvents = YES;
				INFOPLIST_KEY_UILaunchStoryboardName = LaunchScreen;
				INFOPLIST_KEY_UIMainStoryboardFile = Main;
				INFOPLIST_KEY_UISupportedInterfaceOrientations_iPad = "UIInterfaceOrientationPortrait UIInterfaceOrientationPortraitUpsideDown UIInterfaceOrientationLandscapeLeft UIInterfaceOrientationLandscapeRight";
				INFOPLIST_KEY_UISupportedInterfaceOrientations_iPhone = "UIInterfaceOrientationPortrait UIInterfaceOrientationLandscapeLeft UIInterfaceOrientationLandscapeRight";
				LD_RUNPATH_SEARCH_PATHS = (
					"$(inherited)",
					"@executable_path/Frameworks",
				);
				MARKETING_VERSION = 1.0;
				PRODUCT_BUNDLE_IDENTIFIER = "Annie.You-Are-Awesome-";
				PRODUCT_NAME = "$(TARGET_NAME)";
				SWIFT_EMIT_LOC_STRINGS = YES;
				SWIFT_VERSION = 5.0;
				TARGETED_DEVICE_FAMILY = "1,2";
			};
			name = Debug;
		};
		93DBC9FA279E8A0F003CFD9E /* Release */ = {
			isa = XCBuildConfiguration;
			buildSettings = {
				ASSETCATALOG_COMPILER_APPICON_NAME = AppIcon;
				ASSETCATALOG_COMPILER_GLOBAL_ACCENT_COLOR_NAME = AccentColor;
				CODE_SIGN_STYLE = Automatic;
				CURRENT_PROJECT_VERSION = 1;
				DEVELOPMENT_TEAM = 7Q8HJYD3T5;
				GENERATE_INFOPLIST_FILE = YES;
				INFOPLIST_FILE = "You Are Awesome!/Info.plist";
				INFOPLIST_KEY_UIApplicationSupportsIndirectInputEvents = YES;
				INFOPLIST_KEY_UILaunchStoryboardName = LaunchScreen;
				INFOPLIST_KEY_UIMainStoryboardFile = Main;
				INFOPLIST_KEY_UISupportedInterfaceOrientations_iPad = "UIInterfaceOrientationPortrait UIInterfaceOrientationPortraitUpsideDown UIInterfaceOrientationLandscapeLeft UIInterfaceOrientationLandscapeRight";
				INFOPLIST_KEY_UISupportedInterfaceOrientations_iPhone = "UIInterfaceOrientationPortrait UIInterfaceOrientationLandscapeLeft UIInterfaceOrientationLandscapeRight";
				LD_RUNPATH_SEARCH_PATHS = (
					"$(inherited)",
					"@executable_path/Frameworks",
				);
				MARKETING_VERSION = 1.0;
				PRODUCT_BUNDLE_IDENTIFIER = "Annie.You-Are-Awesome-";
				PRODUCT_NAME = "$(TARGET_NAME)";
				SWIFT_EMIT_LOC_STRINGS = YES;
				SWIFT_VERSION = 5.0;
				TARGETED_DEVICE_FAMILY = "1,2";
			};
			name = Release;
		};
		93DBC9FC279E8A0F003CFD9E /* Debug */ = {
			isa = XCBuildConfiguration;
			buildSettings = {
				ALWAYS_EMBED_SWIFT_STANDARD_LIBRARIES = YES;
				BUNDLE_LOADER = "$(TEST_HOST)";
				CODE_SIGN_STYLE = Automatic;
				CURRENT_PROJECT_VERSION = 1;
				DEVELOPMENT_TEAM = 7Q8HJYD3T5;
				GENERATE_INFOPLIST_FILE = YES;
				IPHONEOS_DEPLOYMENT_TARGET = 15.2;
				MARKETING_VERSION = 1.0;
				PRODUCT_BUNDLE_IDENTIFIER = "Annie.You-Are-Awesome-Tests";
				PRODUCT_NAME = "$(TARGET_NAME)";
				SWIFT_EMIT_LOC_STRINGS = NO;
				SWIFT_VERSION = 5.0;
				TARGETED_DEVICE_FAMILY = "1,2";
				TEST_HOST = "$(BUILT_PRODUCTS_DIR)/You Are Awesome!.app/You Are Awesome!";
			};
			name = Debug;
		};
		93DBC9FD279E8A0F003CFD9E /* Release */ = {
			isa = XCBuildConfiguration;
			buildSettings = {
				ALWAYS_EMBED_SWIFT_STANDARD_LIBRARIES = YES;
				BUNDLE_LOADER = "$(TEST_HOST)";
				CODE_SIGN_STYLE = Automatic;
				CURRENT_PROJECT_VERSION = 1;
				DEVELOPMENT_TEAM = 7Q8HJYD3T5;
				GENERATE_INFOPLIST_FILE = YES;
				IPHONEOS_DEPLOYMENT_TARGET = 15.2;
				MARKETING_VERSION = 1.0;
				PRODUCT_BUNDLE_IDENTIFIER = "Annie.You-Are-Awesome-Tests";
				PRODUCT_NAME = "$(TARGET_NAME)";
				SWIFT_EMIT_LOC_STRINGS = NO;
				SWIFT_VERSION = 5.0;
				TARGETED_DEVICE_FAMILY = "1,2";
				TEST_HOST = "$(BUILT_PRODUCTS_DIR)/You Are Awesome!.app/You Are Awesome!";
			};
			name = Release;
		};
		93DBC9FF279E8A0F003CFD9E /* Debug */ = {
			isa = XCBuildConfiguration;
			buildSettings = {
				ALWAYS_EMBED_SWIFT_STANDARD_LIBRARIES = YES;
				CODE_SIGN_STYLE = Automatic;
				CURRENT_PROJECT_VERSION = 1;
				DEVELOPMENT_TEAM = 7Q8HJYD3T5;
				GENERATE_INFOPLIST_FILE = YES;
				MARKETING_VERSION = 1.0;
				PRODUCT_BUNDLE_IDENTIFIER = "Annie.You-Are-Awesome-UITests";
				PRODUCT_NAME = "$(TARGET_NAME)";
				SWIFT_EMIT_LOC_STRINGS = NO;
				SWIFT_VERSION = 5.0;
				TARGETED_DEVICE_FAMILY = "1,2";
				TEST_TARGET_NAME = "You Are Awesome!";
			};
			name = Debug;
		};
		93DBCA00279E8A0F003CFD9E /* Release */ = {
			isa = XCBuildConfiguration;
			buildSettings = {
				ALWAYS_EMBED_SWIFT_STANDARD_LIBRARIES = YES;
				CODE_SIGN_STYLE = Automatic;
				CURRENT_PROJECT_VERSION = 1;
				DEVELOPMENT_TEAM = 7Q8HJYD3T5;
				GENERATE_INFOPLIST_FILE = YES;
				MARKETING_VERSION = 1.0;
				PRODUCT_BUNDLE_IDENTIFIER = "Annie.You-Are-Awesome-UITests";
				PRODUCT_NAME = "$(TARGET_NAME)";
				SWIFT_EMIT_LOC_STRINGS = NO;
				SWIFT_VERSION = 5.0;
				TARGETED_DEVICE_FAMILY = "1,2";
				TEST_TARGET_NAME = "You Are Awesome!";
			};
			name = Release;
		};
/* End XCBuildConfiguration section */

/* Begin XCConfigurationList section */
		93DBC9C9279E8A0E003CFD9E /* Build configuration list for PBXProject "You Are Awesome!" */ = {
			isa = XCConfigurationList;
			buildConfigurations = (
				93DBC9F6279E8A0F003CFD9E /* Debug */,
				93DBC9F7279E8A0F003CFD9E /* Release */,
			);
			defaultConfigurationIsVisible = 0;
			defaultConfigurationName = Release;
		};
		93DBC9F8279E8A0F003CFD9E /* Build configuration list for PBXNativeTarget "You Are Awesome!" */ = {
			isa = XCConfigurationList;
			buildConfigurations = (
				93DBC9F9279E8A0F003CFD9E /* Debug */,
				93DBC9FA279E8A0F003CFD9E /* Release */,
			);
			defaultConfigurationIsVisible = 0;
			defaultConfigurationName = Release;
		};
		93DBC9FB279E8A0F003CFD9E /* Build configuration list for PBXNativeTarget "You Are Awesome!Tests" */ = {
			isa = XCConfigurationList;
			buildConfigurations = (
				93DBC9FC279E8A0F003CFD9E /* Debug */,
				93DBC9FD279E8A0F003CFD9E /* Release */,
			);
			defaultConfigurationIsVisible = 0;
			defaultConfigurationName = Release;
		};
		93DBC9FE279E8A0F003CFD9E /* Build configuration list for PBXNativeTarget "You Are Awesome!UITests" */ = {
			isa = XCConfigurationList;
			buildConfigurations = (
				93DBC9FF279E8A0F003CFD9E /* Debug */,
				93DBCA00279E8A0F003CFD9E /* Release */,
			);
			defaultConfigurationIsVisible = 0;
			defaultConfigurationName = Release;
		};
/* End XCConfigurationList section */
	};
	rootObject = 93DBC9C6279E8A0E003CFD9E /* Project object */;
}
